
Microsoft Visual Studio Solution File, Format Version 12.00
# Visual Studio Version 17
VisualStudioVersion = 17.1.32414.318
MinimumVisualStudioVersion = 10.0.40219.1
Project("{9A19103F-16F7-4668-BE54-9A1E7A4F7556}") = "Data", "src\Data\Data.csproj", "{669C12AD-CD6B-4CFD-9479-13ECE5BE210E}"
EndProject
Project("{9A19103F-16F7-4668-BE54-9A1E7A4F7556}") = "Business", "src\Business\Business.csproj", "{FE6ECE68-8C25-4C40-92D7-AB588450FC00}"
EndProject
Project("{9A19103F-16F7-4668-BE54-9A1E7A4F7556}") = "API", "src\API\API.csproj", "{6A494B62-6681-4310-BAFD-9CE12FCF83C9}"
EndProject
Project("{FAE04EC0-301F-11D3-BF4B-00C04F79EFBC}") = "Test", "src\Test\Test.csproj", "{C3D5C0EC-E488-4C44-9D37-81337A374A47}"
EndProject
Global
	GlobalSection(SolutionConfigurationPlatforms) = preSolution
		Debug|Any CPU = Debug|Any CPU
		Release|Any CPU = Release|Any CPU
	EndGlobalSection
	GlobalSection(ProjectConfigurationPlatforms) = postSolution
		{669C12AD-CD6B-4CFD-9479-13ECE5BE210E}.Debug|Any CPU.ActiveCfg = Debug|Any CPU
		{669C12AD-CD6B-4CFD-9479-13ECE5BE210E}.Debug|Any CPU.Build.0 = Debug|Any CPU
		{669C12AD-CD6B-4CFD-9479-13ECE5BE210E}.Release|Any CPU.ActiveCfg = Release|Any CPU
		{669C12AD-CD6B-4CFD-9479-13ECE5BE210E}.Release|Any CPU.Build.0 = Release|Any CPU
		{FE6ECE68-8C25-4C40-92D7-AB588450FC00}.Debug|Any CPU.ActiveCfg = Debug|Any CPU
		{FE6ECE68-8C25-4C40-92D7-AB588450FC00}.Debug|Any CPU.Build.0 = Debug|Any CPU
		{FE6ECE68-8C25-4C40-92D7-AB588450FC00}.Release|Any CPU.ActiveCfg = Release|Any CPU
		{FE6ECE68-8C25-4C40-92D7-AB588450FC00}.Release|Any CPU.Build.0 = Release|Any CPU
		{6A494B62-6681-4310-BAFD-9CE12FCF83C9}.Debug|Any CPU.ActiveCfg = Debug|Any CPU
		{6A494B62-6681-4310-BAFD-9CE12FCF83C9}.Debug|Any CPU.Build.0 = Debug|Any CPU
		{6A494B62-6681-4310-BAFD-9CE12FCF83C9}.Release|Any CPU.ActiveCfg = Release|Any CPU
		{6A494B62-6681-4310-BAFD-9CE12FCF83C9}.Release|Any CPU.Build.0 = Release|Any CPU
		{C3D5C0EC-E488-4C44-9D37-81337A374A47}.Debug|Any CPU.ActiveCfg = Debug|Any CPU
		{C3D5C0EC-E488-4C44-9D37-81337A374A47}.Debug|Any CPU.Build.0 = Debug|Any CPU
		{C3D5C0EC-E488-4C44-9D37-81337A374A47}.Release|Any CPU.ActiveCfg = Release|Any CPU
		{C3D5C0EC-E488-4C44-9D37-81337A374A47}.Release|Any CPU.Build.0 = Release|Any CPU
	EndGlobalSection
	GlobalSection(SolutionProperties) = preSolution
		HideSolutionNode = FALSE
	EndGlobalSection
	GlobalSection(ExtensibilityGlobals) = postSolution
		SolutionGuid = {BDFC89C6-81EC-4FFF-84C4-1EB1922E9112}
	EndGlobalSection
EndGlobal
